
Microsoft Visual Studio Solution File, Format Version 12.00
# Visual Studio Version 16
VisualStudioVersion = 16.0.32901.82
MinimumVisualStudioVersion = 10.0.40219.1
Project("{8BC9CEB8-8B4A-11D0-8D11-00A0C91BC942}") = "CommonConnectionPool", "CommonConnectionPool.vcxproj", "{79F74E9A-B2D7-45E9-A046-87FF943B927C}"
EndProject
Global
	GlobalSection(SolutionConfigurationPlatforms) = preSolution
		Debug|x64 = Debug|x64
		Debug|x86 = Debug|x86
		Release|x64 = Release|x64
		Release|x86 = Release|x86
	EndGlobalSection
	GlobalSection(ProjectConfigurationPlatforms) = postSolution
		{79F74E9A-B2D7-45E9-A046-87FF943B927C}.Debug|x64.ActiveCfg = Debug|x64
		{79F74E9A-B2D7-45E9-A046-87FF943B927C}.Debug|x64.Build.0 = Debug|x64
		{79F74E9A-B2D7-45E9-A046-87FF943B927C}.Debug|x86.ActiveCfg = Debug|Win32
		{79F74E9A-B2D7-45E9-A046-87FF943B927C}.Debug|x86.Build.0 = Debug|Win32
		{79F74E9A-B2D7-45E9-A046-87FF943B927C}.Release|x64.ActiveCfg = Release|x64
		{79F74E9A-B2D7-45E9-A046-87FF943B927C}.Release|x64.Build.0 = Release|x64
		{79F74E9A-B2D7-45E9-A046-87FF943B927C}.Release|x86.ActiveCfg = Release|Win32
		{79F74E9A-B2D7-45E9-A046-87FF943B927C}.Release|x86.Build.0 = Release|Win32
	EndGlobalSection
	GlobalSection(SolutionProperties) = preSolution
		HideSolutionNode = FALSE
	EndGlobalSection
	GlobalSection(ExtensibilityGlobals) = postSolution
		SolutionGuid = {F7BF59A2-FCAB-427D-9F94-76A36D2CA0A9}
	EndGlobalSection
EndGlobal
